
Microsoft Visual Studio Solution File, Format Version 12.00
# Visual Studio Version 17
VisualStudioVersion = 17.2.32526.322
MinimumVisualStudioVersion = 10.0.40219.1
Project("{8BC9CEB8-8B4A-11D0-8D11-00A0C91BC942}") = "longest-peak", "longest-peak\longest-peak.vcxproj", "{E3E64962-9ED6-4B4A-9C9C-3C7DDBD61462}"
EndProject
Global
	GlobalSection(SolutionConfigurationPlatforms) = preSolution
		Debug|x64 = Debug|x64
		Debug|x86 = Debug|x86
		Release|x64 = Release|x64
		Release|x86 = Release|x86
	EndGlobalSection
	GlobalSection(ProjectConfigurationPlatforms) = postSolution
		{E3E64962-9ED6-4B4A-9C9C-3C7DDBD61462}.Debug|x64.ActiveCfg = Debug|x64
		{E3E64962-9ED6-4B4A-9C9C-3C7DDBD61462}.Debug|x64.Build.0 = Debug|x64
		{E3E64962-9ED6-4B4A-9C9C-3C7DDBD61462}.Debug|x86.ActiveCfg = Debug|Win32
		{E3E64962-9ED6-4B4A-9C9C-3C7DDBD61462}.Debug|x86.Build.0 = Debug|Win32
		{E3E64962-9ED6-4B4A-9C9C-3C7DDBD61462}.Release|x64.ActiveCfg = Release|x64
		{E3E64962-9ED6-4B4A-9C9C-3C7DDBD61462}.Release|x64.Build.0 = Release|x64
		{E3E64962-9ED6-4B4A-9C9C-3C7DDBD61462}.Release|x86.ActiveCfg = Release|Win32
		{E3E64962-9ED6-4B4A-9C9C-3C7DDBD61462}.Release|x86.Build.0 = Release|Win32
	EndGlobalSection
	GlobalSection(SolutionProperties) = preSolution
		HideSolutionNode = FALSE
	EndGlobalSection
	GlobalSection(ExtensibilityGlobals) = postSolution
		SolutionGuid = {8A1D3E78-6866-43F9-9A79-9FCF75F1FA06}
	EndGlobalSection
EndGlobal
